// !$*UTF8*$!
{
	archiveVersion = 1;
	classes = {
	};
	objectVersion = 56;
	objects = {

/* Begin PBXBuildFile section */
		1A0000000000000000000001 /* CarebaseApp.swift in Sources */ = {isa = PBXBuildFile; fileRef = 2A0000000000000000000001 /* CarebaseApp.swift */; };
		1A0000000000000000000002 /* ColorTokens.swift in Sources */ = {isa = PBXBuildFile; fileRef = 2A0000000000000000000002 /* ColorTokens.swift */; };
		1A0000000000000000000003 /* TypographyTokens.swift in Sources */ = {isa = PBXBuildFile; fileRef = 2A0000000000000000000003 /* TypographyTokens.swift */; };
		1A0000000000000000000004 /* SpacingTokens.swift in Sources */ = {isa = PBXBuildFile; fileRef = 2A0000000000000000000004 /* SpacingTokens.swift */; };
		1A0000000000000000000005 /* CarebaseButton.swift in Sources */ = {isa = PBXBuildFile; fileRef = 2A0000000000000000000005 /* CarebaseButton.swift */; };
		1A0000000000000000000006 /* CarebaseCard.swift in Sources */ = {isa = PBXBuildFile; fileRef = 2A0000000000000000000006 /* CarebaseCard.swift */; };
		1A0000000000000000000007 /* CarebaseTextField.swift in Sources */ = {isa = PBXBuildFile; fileRef = 2A0000000000000000000007 /* CarebaseTextField.swift */; };
		1A0000000000000000000008 /* StatusBadge.swift in Sources */ = {isa = PBXBuildFile; fileRef = 2A0000000000000000000008 /* StatusBadge.swift */; };
		1A0000000000000000000009 /* ListRow.swift in Sources */ = {isa = PBXBuildFile; fileRef = 2A0000000000000000000009 /* ListRow.swift */; };
		1A0000000000000000000010 /* Animations.swift in Sources */ = {isa = PBXBuildFile; fileRef = 2A0000000000000000000010 /* Animations.swift */; };
		1A0000000000000000000011 /* Models.swift in Sources */ = {isa = PBXBuildFile; fileRef = 2A0000000000000000000011 /* Models.swift */; };
		1A0000000000000000000012 /* APIClient.swift in Sources */ = {isa = PBXBuildFile; fileRef = 2A0000000000000000000012 /* APIClient.swift */; };
		1A0000000000000000000013 /* AuthenticationManager.swift in Sources */ = {isa = PBXBuildFile; fileRef = 2A0000000000000000000013 /* AuthenticationManager.swift */; };
		1A0000000000000000000014 /* AuthenticationView.swift in Sources */ = {isa = PBXBuildFile; fileRef = 2A0000000000000000000014 /* AuthenticationView.swift */; };
		1A0000000000000000000015 /* MainTabView.swift in Sources */ = {isa = PBXBuildFile; fileRef = 2A0000000000000000000015 /* MainTabView.swift */; };
		1A0000000000000000000016 /* DashboardView.swift in Sources */ = {isa = PBXBuildFile; fileRef = 2A0000000000000000000016 /* DashboardView.swift */; };
		1A0000000000000000000017 /* ShiftsView.swift in Sources */ = {isa = PBXBuildFile; fileRef = 2A0000000000000000000017 /* ShiftsView.swift */; };
		1A0000000000000000000018 /* ShiftDetailView.swift in Sources */ = {isa = PBXBuildFile; fileRef = 2A0000000000000000000018 /* ShiftDetailView.swift */; };
		1A0000000000000000000019 /* VisitNotesListView.swift in Sources */ = {isa = PBXBuildFile; fileRef = 2A0000000000000000000019 /* VisitNotesListView.swift */; };
		1A0000000000000000000020 /* NewVisitNoteView.swift in Sources */ = {isa = PBXBuildFile; fileRef = 2A0000000000000000000020 /* NewVisitNoteView.swift */; };
		1A0000000000000000000021 /* ClientsListView.swift in Sources */ = {isa = PBXBuildFile; fileRef = 2A0000000000000000000021 /* ClientsListView.swift */; };
		1A0000000000000000000022 /* NotificationsView.swift in Sources */ = {isa = PBXBuildFile; fileRef = 2A0000000000000000000022 /* NotificationsView.swift */; };
		1A0000000000000000000023 /* ProfileView.swift in Sources */ = {isa = PBXBuildFile; fileRef = 2A0000000000000000000023 /* ProfileView.swift */; };
		1A0000000000000000000024 /* Assets.xcassets in Resources */ = {isa = PBXBuildFile; fileRef = 2A0000000000000000000024 /* Assets.xcassets */; };
		1A0000000000000000000025 /* AppConfiguration.swift in Sources */ = {isa = PBXBuildFile; fileRef = 2A0000000000000000000025 /* AppConfiguration.swift */; };
		1A0000000000000000000026 /* IncidentsListView.swift in Sources */ = {isa = PBXBuildFile; fileRef = 2A0000000000000000000026 /* IncidentsListView.swift */; };
		1A0000000000000000000027 /* NewIncidentView.swift in Sources */ = {isa = PBXBuildFile; fileRef = 2A0000000000000000000027 /* NewIncidentView.swift */; };
		1A0000000000000000000028 /* IncidentDetailView.swift in Sources */ = {isa = PBXBuildFile; fileRef = 2A0000000000000000000028 /* IncidentDetailView.swift */; };
		1A0000000000000000000029 /* SponsorDashboardView.swift in Sources */ = {isa = PBXBuildFile; fileRef = 2A0000000000000000000029 /* SponsorDashboardView.swift */; };
		1A0000000000000000000030 /* SponsorClientsView.swift in Sources */ = {isa = PBXBuildFile; fileRef = 2A0000000000000000000030 /* SponsorClientsView.swift */; };
		1A0000000000000000000031 /* SponsorVisitNotesView.swift in Sources */ = {isa = PBXBuildFile; fileRef = 2A0000000000000000000031 /* SponsorVisitNotesView.swift */; };
		1ATEST000000000000000001 /* ModelsTests.swift in Sources */ = {isa = PBXBuildFile; fileRef = 2ATEST000000000000000001 /* ModelsTests.swift */; };
		1ATEST000000000000000002 /* APIClientTests.swift in Sources */ = {isa = PBXBuildFile; fileRef = 2ATEST000000000000000002 /* APIClientTests.swift */; };
		1ATEST000000000000000003 /* ViewModelTests.swift in Sources */ = {isa = PBXBuildFile; fileRef = 2ATEST000000000000000003 /* ViewModelTests.swift */; };
/* End PBXBuildFile section */

/* Begin PBXContainerItemProxy section */
		5APROXY00000000000000001 /* PBXContainerItemProxy */ = {
			isa = PBXContainerItemProxy;
			containerPortal = 7A0000000000000000000001 /* Project object */;
			proxyType = 1;
			remoteGlobalIDString = 5A0000000000000000000001;
			remoteInfo = CarebaseApp;
		};
/* End PBXContainerItemProxy section */

/* Begin PBXFileReference section */
		2A0000000000000000000000 /* CarebaseApp.app */ = {isa = PBXFileReference; explicitFileType = wrapper.application; includeInIndex = 0; path = CarebaseApp.app; sourceTree = BUILT_PRODUCTS_DIR; };
		2A0000000000000000000001 /* CarebaseApp.swift */ = {isa = PBXFileReference; lastKnownFileType = sourcecode.swift; path = CarebaseApp.swift; sourceTree = "<group>"; };
		2A0000000000000000000002 /* ColorTokens.swift */ = {isa = PBXFileReference; lastKnownFileType = sourcecode.swift; path = ColorTokens.swift; sourceTree = "<group>"; };
		2A0000000000000000000003 /* TypographyTokens.swift */ = {isa = PBXFileReference; lastKnownFileType = sourcecode.swift; path = TypographyTokens.swift; sourceTree = "<group>"; };
		2A0000000000000000000004 /* SpacingTokens.swift */ = {isa = PBXFileReference; lastKnownFileType = sourcecode.swift; path = SpacingTokens.swift; sourceTree = "<group>"; };
		2A0000000000000000000005 /* CarebaseButton.swift */ = {isa = PBXFileReference; lastKnownFileType = sourcecode.swift; path = CarebaseButton.swift; sourceTree = "<group>"; };
		2A0000000000000000000006 /* CarebaseCard.swift */ = {isa = PBXFileReference; lastKnownFileType = sourcecode.swift; path = CarebaseCard.swift; sourceTree = "<group>"; };
		2A0000000000000000000007 /* CarebaseTextField.swift */ = {isa = PBXFileReference; lastKnownFileType = sourcecode.swift; path = CarebaseTextField.swift; sourceTree = "<group>"; };
		2A0000000000000000000008 /* StatusBadge.swift */ = {isa = PBXFileReference; lastKnownFileType = sourcecode.swift; path = StatusBadge.swift; sourceTree = "<group>"; };
		2A0000000000000000000009 /* ListRow.swift */ = {isa = PBXFileReference; lastKnownFileType = sourcecode.swift; path = ListRow.swift; sourceTree = "<group>"; };
		2A0000000000000000000010 /* Animations.swift */ = {isa = PBXFileReference; lastKnownFileType = sourcecode.swift; path = Animations.swift; sourceTree = "<group>"; };
		2A0000000000000000000011 /* Models.swift */ = {isa = PBXFileReference; lastKnownFileType = sourcecode.swift; path = Models.swift; sourceTree = "<group>"; };
		2A0000000000000000000012 /* APIClient.swift */ = {isa = PBXFileReference; lastKnownFileType = sourcecode.swift; path = APIClient.swift; sourceTree = "<group>"; };
		2A0000000000000000000013 /* AuthenticationManager.swift */ = {isa = PBXFileReference; lastKnownFileType = sourcecode.swift; path = AuthenticationManager.swift; sourceTree = "<group>"; };
		2A0000000000000000000014 /* AuthenticationView.swift */ = {isa = PBXFileReference; lastKnownFileType = sourcecode.swift; path = AuthenticationView.swift; sourceTree = "<group>"; };
		2A0000000000000000000015 /* MainTabView.swift */ = {isa = PBXFileReference; lastKnownFileType = sourcecode.swift; path = MainTabView.swift; sourceTree = "<group>"; };
		2A0000000000000000000016 /* DashboardView.swift */ = {isa = PBXFileReference; lastKnownFileType = sourcecode.swift; path = DashboardView.swift; sourceTree = "<group>"; };
		2A0000000000000000000017 /* ShiftsView.swift */ = {isa = PBXFileReference; lastKnownFileType = sourcecode.swift; path = ShiftsView.swift; sourceTree = "<group>"; };
		2A0000000000000000000018 /* ShiftDetailView.swift */ = {isa = PBXFileReference; lastKnownFileType = sourcecode.swift; path = ShiftDetailView.swift; sourceTree = "<group>"; };
		2A0000000000000000000019 /* VisitNotesListView.swift */ = {isa = PBXFileReference; lastKnownFileType = sourcecode.swift; path = VisitNotesListView.swift; sourceTree = "<group>"; };
		2A0000000000000000000020 /* NewVisitNoteView.swift */ = {isa = PBXFileReference; lastKnownFileType = sourcecode.swift; path = NewVisitNoteView.swift; sourceTree = "<group>"; };
		2A0000000000000000000021 /* ClientsListView.swift */ = {isa = PBXFileReference; lastKnownFileType = sourcecode.swift; path = ClientsListView.swift; sourceTree = "<group>"; };
		2A0000000000000000000022 /* NotificationsView.swift */ = {isa = PBXFileReference; lastKnownFileType = sourcecode.swift; path = NotificationsView.swift; sourceTree = "<group>"; };
		2A0000000000000000000023 /* ProfileView.swift */ = {isa = PBXFileReference; lastKnownFileType = sourcecode.swift; path = ProfileView.swift; sourceTree = "<group>"; };
		2A0000000000000000000024 /* Assets.xcassets */ = {isa = PBXFileReference; lastKnownFileType = folder.assetcatalog; path = Assets.xcassets; sourceTree = "<group>"; };
		2A0000000000000000000025 /* AppConfiguration.swift */ = {isa = PBXFileReference; lastKnownFileType = sourcecode.swift; path = AppConfiguration.swift; sourceTree = "<group>"; };
		2A0000000000000000000026 /* IncidentsListView.swift */ = {isa = PBXFileReference; lastKnownFileType = sourcecode.swift; path = IncidentsListView.swift; sourceTree = "<group>"; };
		2A0000000000000000000027 /* NewIncidentView.swift */ = {isa = PBXFileReference; lastKnownFileType = sourcecode.swift; path = NewIncidentView.swift; sourceTree = "<group>"; };
		2A0000000000000000000028 /* IncidentDetailView.swift */ = {isa = PBXFileReference; lastKnownFileType = sourcecode.swift; path = IncidentDetailView.swift; sourceTree = "<group>"; };
		2A0000000000000000000029 /* SponsorDashboardView.swift */ = {isa = PBXFileReference; lastKnownFileType = sourcecode.swift; path = SponsorDashboardView.swift; sourceTree = "<group>"; };
		2A0000000000000000000030 /* SponsorClientsView.swift */ = {isa = PBXFileReference; lastKnownFileType = sourcecode.swift; path = SponsorClientsView.swift; sourceTree = "<group>"; };
		2A0000000000000000000031 /* SponsorVisitNotesView.swift */ = {isa = PBXFileReference; lastKnownFileType = sourcecode.swift; path = SponsorVisitNotesView.swift; sourceTree = "<group>"; };
		2ATEST000000000000000000 /* CarebaseAppTests.xctest */ = {isa = PBXFileReference; explicitFileType = wrapper.cfbundle; includeInIndex = 0; path = CarebaseAppTests.xctest; sourceTree = BUILT_PRODUCTS_DIR; };
		2ATEST000000000000000001 /* ModelsTests.swift */ = {isa = PBXFileReference; lastKnownFileType = sourcecode.swift; path = ModelsTests.swift; sourceTree = "<group>"; };
		2ATEST000000000000000002 /* APIClientTests.swift */ = {isa = PBXFileReference; lastKnownFileType = sourcecode.swift; path = APIClientTests.swift; sourceTree = "<group>"; };
		2ATEST000000000000000003 /* ViewModelTests.swift */ = {isa = PBXFileReference; lastKnownFileType = sourcecode.swift; path = ViewModelTests.swift; sourceTree = "<group>"; };
/* End PBXFileReference section */

/* Begin PBXFrameworksBuildPhase section */
		3A0000000000000000000001 /* Frameworks */ = {
			isa = PBXFrameworksBuildPhase;
			buildActionMask = 2147483647;
			files = (
			);
			runOnlyForDeploymentPostprocessing = 0;
		};
		3ATEST000000000000000001 /* Frameworks */ = {
			isa = PBXFrameworksBuildPhase;
			buildActionMask = 2147483647;
			files = (
			);
			runOnlyForDeploymentPostprocessing = 0;
		};
/* End PBXFrameworksBuildPhase section */

/* Begin PBXGroup section */
		4A0000000000000000000001 = {
			isa = PBXGroup;
			children = (
				4A0000000000000000000002 /* CarebaseApp */,
				4ATEST000000000000000001 /* CarebaseAppTests */,
				4A0000000000000000000003 /* Products */,
			);
			sourceTree = "<group>";
		};
		4A0000000000000000000002 /* CarebaseApp */ = {
			isa = PBXGroup;
			children = (
				4A0000000000000000000004 /* App */,
				4A0000000000000000000005 /* Core */,
				4A0000000000000000000006 /* DesignSystem */,
				4A0000000000000000000007 /* Features */,
				4A0000000000000000000008 /* Resources */,
			);
			path = CarebaseApp;
			sourceTree = "<group>";
		};
		4A0000000000000000000003 /* Products */ = {
			isa = PBXGroup;
			children = (
				2A0000000000000000000000 /* CarebaseApp.app */,
				2ATEST000000000000000000 /* CarebaseAppTests.xctest */,
			);
			name = Products;
			sourceTree = "<group>";
		};
		4A0000000000000000000004 /* App */ = {
			isa = PBXGroup;
			children = (
				2A0000000000000000000001 /* CarebaseApp.swift */,
			);
			path = App;
			sourceTree = "<group>";
		};
		4A0000000000000000000005 /* Core */ = {
			isa = PBXGroup;
			children = (
				4A0000000000000000000021 /* Configuration */,
				4A0000000000000000000009 /* Models */,
				4A0000000000000000000010 /* Network */,
			);
			path = Core;
			sourceTree = "<group>";
		};
		4A0000000000000000000006 /* DesignSystem */ = {
			isa = PBXGroup;
			children = (
				4A0000000000000000000011 /* Tokens */,
				4A0000000000000000000012 /* Components */,
				4A0000000000000000000013 /* Animations */,
			);
			path = DesignSystem;
			sourceTree = "<group>";
		};
		4A0000000000000000000007 /* Features */ = {
			isa = PBXGroup;
			children = (
				4A0000000000000000000014 /* Authentication */,
				4A0000000000000000000015 /* Dashboard */,
				4A0000000000000000000016 /* Shifts */,
				4A0000000000000000000017 /* VisitNotes */,
				4A0000000000000000000018 /* Clients */,
				4A0000000000000000000022 /* Incidents */,
				4A0000000000000000000023 /* Sponsor */,
				4A0000000000000000000019 /* Notifications */,
				4A0000000000000000000020 /* Profile */,
			);
			path = Features;
			sourceTree = "<group>";
		};
		4A0000000000000000000008 /* Resources */ = {
			isa = PBXGroup;
			children = (
				2A0000000000000000000024 /* Assets.xcassets */,
			);
			path = Resources;
			sourceTree = "<group>";
		};
		4A0000000000000000000009 /* Models */ = {
			isa = PBXGroup;
			children = (
				2A0000000000000000000011 /* Models.swift */,
			);
			path = Models;
			sourceTree = "<group>";
		};
		4A0000000000000000000010 /* Network */ = {
			isa = PBXGroup;
			children = (
				2A0000000000000000000012 /* APIClient.swift */,
			);
			path = Network;
			sourceTree = "<group>";
		};
		4A0000000000000000000011 /* Tokens */ = {
			isa = PBXGroup;
			children = (
				2A0000000000000000000002 /* ColorTokens.swift */,
				2A0000000000000000000003 /* TypographyTokens.swift */,
				2A0000000000000000000004 /* SpacingTokens.swift */,
			);
			path = Tokens;
			sourceTree = "<group>";
		};
		4A0000000000000000000012 /* Components */ = {
			isa = PBXGroup;
			children = (
				2A0000000000000000000005 /* CarebaseButton.swift */,
				2A0000000000000000000006 /* CarebaseCard.swift */,
				2A0000000000000000000007 /* CarebaseTextField.swift */,
				2A0000000000000000000008 /* StatusBadge.swift */,
				2A0000000000000000000009 /* ListRow.swift */,
			);
			path = Components;
			sourceTree = "<group>";
		};
		4A0000000000000000000013 /* Animations */ = {
			isa = PBXGroup;
			children = (
				2A0000000000000000000010 /* Animations.swift */,
			);
			path = Animations;
			sourceTree = "<group>";
		};
		4A0000000000000000000014 /* Authentication */ = {
			isa = PBXGroup;
			children = (
				2A0000000000000000000013 /* AuthenticationManager.swift */,
				2A0000000000000000000014 /* AuthenticationView.swift */,
			);
			path = Authentication;
			sourceTree = "<group>";
		};
		4A0000000000000000000015 /* Dashboard */ = {
			isa = PBXGroup;
			children = (
				2A0000000000000000000015 /* MainTabView.swift */,
				2A0000000000000000000016 /* DashboardView.swift */,
			);
			path = Dashboard;
			sourceTree = "<group>";
		};
		4A0000000000000000000016 /* Shifts */ = {
			isa = PBXGroup;
			children = (
				2A0000000000000000000017 /* ShiftsView.swift */,
				2A0000000000000000000018 /* ShiftDetailView.swift */,
			);
			path = Shifts;
			sourceTree = "<group>";
		};
		4A0000000000000000000017 /* VisitNotes */ = {
			isa = PBXGroup;
			children = (
				2A0000000000000000000019 /* VisitNotesListView.swift */,
				2A0000000000000000000020 /* NewVisitNoteView.swift */,
			);
			path = VisitNotes;
			sourceTree = "<group>";
		};
		4A0000000000000000000018 /* Clients */ = {
			isa = PBXGroup;
			children = (
				2A0000000000000000000021 /* ClientsListView.swift */,
			);
			path = Clients;
			sourceTree = "<group>";
		};
		4A0000000000000000000019 /* Notifications */ = {
			isa = PBXGroup;
			children = (
				2A0000000000000000000022 /* NotificationsView.swift */,
			);
			path = Notifications;
			sourceTree = "<group>";
		};
		4A0000000000000000000020 /* Profile */ = {
			isa = PBXGroup;
			children = (
				2A0000000000000000000023 /* ProfileView.swift */,
			);
			path = Profile;
			sourceTree = "<group>";
		};
		4A0000000000000000000021 /* Configuration */ = {
			isa = PBXGroup;
			children = (
				2A0000000000000000000025 /* AppConfiguration.swift */,
			);
			path = Configuration;
			sourceTree = "<group>";
		};
		4A0000000000000000000022 /* Incidents */ = {
			isa = PBXGroup;
			children = (
				2A0000000000000000000026 /* IncidentsListView.swift */,
				2A0000000000000000000027 /* NewIncidentView.swift */,
				2A0000000000000000000028 /* IncidentDetailView.swift */,
			);
			path = Incidents;
			sourceTree = "<group>";
		};
		4A0000000000000000000023 /* Sponsor */ = {
			isa = PBXGroup;
			children = (
				2A0000000000000000000029 /* SponsorDashboardView.swift */,
				2A0000000000000000000030 /* SponsorClientsView.swift */,
				2A0000000000000000000031 /* SponsorVisitNotesView.swift */,
			);
			path = Sponsor;
			sourceTree = "<group>";
		};
		4ATEST000000000000000001 /* CarebaseAppTests */ = {
			isa = PBXGroup;
			children = (
				2ATEST000000000000000001 /* ModelsTests.swift */,
				2ATEST000000000000000002 /* APIClientTests.swift */,
				2ATEST000000000000000003 /* ViewModelTests.swift */,
			);
			path = CarebaseAppTests;
			sourceTree = "<group>";
		};
/* End PBXGroup section */

/* Begin PBXNativeTarget section */
		5A0000000000000000000001 /* CarebaseApp */ = {
			isa = PBXNativeTarget;
			buildConfigurationList = 6A0000000000000000000001 /* Build configuration list for PBXNativeTarget "CarebaseApp" */;
			buildPhases = (
				5A0000000000000000000002 /* Sources */,
				3A0000000000000000000001 /* Frameworks */,
				5A0000000000000000000003 /* Resources */,
			);
			buildRules = (
			);
			dependencies = (
			);
			name = CarebaseApp;
			productName = CarebaseApp;
			productReference = 2A0000000000000000000000 /* CarebaseApp.app */;
			productType = "com.apple.product-type.application";
		};
		5ATEST000000000000000001 /* CarebaseAppTests */ = {
			isa = PBXNativeTarget;
			buildConfigurationList = 6ATEST000000000000000001 /* Build configuration list for PBXNativeTarget "CarebaseAppTests" */;
			buildPhases = (
				5ATEST000000000000000002 /* Sources */,
				3ATEST000000000000000001 /* Frameworks */,
			);
			buildRules = (
			);
			dependencies = (
				5ADEP0000000000000000001 /* PBXTargetDependency */,
			);
			name = CarebaseAppTests;
			productName = CarebaseAppTests;
			productReference = 2ATEST000000000000000000 /* CarebaseAppTests.xctest */;
			productType = "com.apple.product-type.bundle.unit-test";
		};
/* End PBXNativeTarget section */

/* Begin PBXProject section */
		7A0000000000000000000001 /* Project object */ = {
			isa = PBXProject;
			attributes = {
				BuildIndependentTargetsInParallel = 1;
				LastSwiftUpdateCheck = 1500;
				LastUpgradeCheck = 1500;
				TargetAttributes = {
					5A0000000000000000000001 = {
						CreatedOnToolsVersion = 15.0;
					};
					5ATEST000000000000000001 = {
						CreatedOnToolsVersion = 15.0;
						TestTargetID = 5A0000000000000000000001;
					};
				};
			};
			buildConfigurationList = 6A0000000000000000000002 /* Build configuration list for PBXProject "CarebaseApp" */;
			compatibilityVersion = "Xcode 14.0";
			developmentRegion = en;
			hasScannedForEncodings = 0;
			knownRegions = (
				en,
				Base,
			);
			mainGroup = 4A0000000000000000000001;
			productRefGroup = 4A0000000000000000000003 /* Products */;
			projectDirPath = "";
			projectRoot = "";
			targets = (
				5A0000000000000000000001 /* CarebaseApp */,
				5ATEST000000000000000001 /* CarebaseAppTests */,
			);
		};
/* End PBXProject section */

/* Begin PBXResourcesBuildPhase section */
		5A0000000000000000000003 /* Resources */ = {
			isa = PBXResourcesBuildPhase;
			buildActionMask = 2147483647;
			files = (
				1A0000000000000000000024 /* Assets.xcassets in Resources */,
			);
			runOnlyForDeploymentPostprocessing = 0;
		};
/* End PBXResourcesBuildPhase section */

/* Begin PBXSourcesBuildPhase section */
		5A0000000000000000000002 /* Sources */ = {
			isa = PBXSourcesBuildPhase;
			buildActionMask = 2147483647;
			files = (
				1A0000000000000000000001 /* CarebaseApp.swift in Sources */,
				1A0000000000000000000002 /* ColorTokens.swift in Sources */,
				1A0000000000000000000003 /* TypographyTokens.swift in Sources */,
				1A0000000000000000000004 /* SpacingTokens.swift in Sources */,
				1A0000000000000000000005 /* CarebaseButton.swift in Sources */,
				1A0000000000000000000006 /* CarebaseCard.swift in Sources */,
				1A0000000000000000000007 /* CarebaseTextField.swift in Sources */,
				1A0000000000000000000008 /* StatusBadge.swift in Sources */,
				1A0000000000000000000009 /* ListRow.swift in Sources */,
				1A0000000000000000000010 /* Animations.swift in Sources */,
				1A0000000000000000000011 /* Models.swift in Sources */,
				1A0000000000000000000012 /* APIClient.swift in Sources */,
				1A0000000000000000000013 /* AuthenticationManager.swift in Sources */,
				1A0000000000000000000014 /* AuthenticationView.swift in Sources */,
				1A0000000000000000000015 /* MainTabView.swift in Sources */,
				1A0000000000000000000016 /* DashboardView.swift in Sources */,
				1A0000000000000000000017 /* ShiftsView.swift in Sources */,
				1A0000000000000000000018 /* ShiftDetailView.swift in Sources */,
				1A0000000000000000000019 /* VisitNotesListView.swift in Sources */,
				1A0000000000000000000020 /* NewVisitNoteView.swift in Sources */,
				1A0000000000000000000021 /* ClientsListView.swift in Sources */,
				1A0000000000000000000022 /* NotificationsView.swift in Sources */,
				1A0000000000000000000023 /* ProfileView.swift in Sources */,
				1A0000000000000000000025 /* AppConfiguration.swift in Sources */,
				1A0000000000000000000026 /* IncidentsListView.swift in Sources */,
				1A0000000000000000000027 /* NewIncidentView.swift in Sources */,
				1A0000000000000000000028 /* IncidentDetailView.swift in Sources */,
				1A0000000000000000000029 /* SponsorDashboardView.swift in Sources */,
				1A0000000000000000000030 /* SponsorClientsView.swift in Sources */,
				1A0000000000000000000031 /* SponsorVisitNotesView.swift in Sources */,
			);
			runOnlyForDeploymentPostprocessing = 0;
		};
		5ATEST000000000000000002 /* Sources */ = {
			isa = PBXSourcesBuildPhase;
			buildActionMask = 2147483647;
			files = (
				1ATEST000000000000000001 /* ModelsTests.swift in Sources */,
				1ATEST000000000000000002 /* APIClientTests.swift in Sources */,
				1ATEST000000000000000003 /* ViewModelTests.swift in Sources */,
			);
			runOnlyForDeploymentPostprocessing = 0;
		};
/* End PBXSourcesBuildPhase section */

/* Begin PBXTargetDependency section */
		5ADEP0000000000000000001 /* PBXTargetDependency */ = {
			isa = PBXTargetDependency;
			target = 5A0000000000000000000001 /* CarebaseApp */;
			targetProxy = 5APROXY00000000000000001 /* PBXContainerItemProxy */;
		};
/* End PBXTargetDependency section */

/* Begin XCBuildConfiguration section */
		8A0000000000000000000001 /* Debug */ = {
			isa = XCBuildConfiguration;
			buildSettings = {
				ALWAYS_SEARCH_USER_PATHS = NO;
				ASSETCATALOG_COMPILER_GENERATE_SWIFT_ASSET_SYMBOL_EXTENSIONS = YES;
				CLANG_ANALYZER_NONNULL = YES;
				CLANG_ANALYZER_NUMBER_OBJECT_CONVERSION = YES_AGGRESSIVE;
				CLANG_CXX_LANGUAGE_STANDARD = "gnu++20";
				CLANG_ENABLE_MODULES = YES;
				CLANG_ENABLE_OBJC_ARC = YES;
				CLANG_ENABLE_OBJC_WEAK = YES;
				CLANG_WARN_BLOCK_CAPTURE_AUTORELEASING = YES;
				CLANG_WARN_BOOL_CONVERSION = YES;
				CLANG_WARN_COMMA = YES;
				CLANG_WARN_CONSTANT_CONVERSION = YES;
				CLANG_WARN_DEPRECATED_OBJC_IMPLEMENTATIONS = YES;
				CLANG_WARN_DIRECT_OBJC_ISA_USAGE = YES_ERROR;
				CLANG_WARN_DOCUMENTATION_COMMENTS = YES;
				CLANG_WARN_EMPTY_BODY = YES;
				CLANG_WARN_ENUM_CONVERSION = YES;
				CLANG_WARN_INFINITE_RECURSION = YES;
				CLANG_WARN_INT_CONVERSION = YES;
				CLANG_WARN_NON_LITERAL_NULL_CONVERSION = YES;
				CLANG_WARN_OBJC_IMPLICIT_RETAIN_SELF = YES;
				CLANG_WARN_OBJC_LITERAL_CONVERSION = YES;
				CLANG_WARN_OBJC_ROOT_CLASS = YES_ERROR;
				CLANG_WARN_QUOTED_INCLUDE_IN_FRAMEWORK_HEADER = YES;
				CLANG_WARN_RANGE_LOOP_ANALYSIS = YES;
				CLANG_WARN_STRICT_PROTOTYPES = YES;
				CLANG_WARN_SUSPICIOUS_MOVE = YES;
				CLANG_WARN_UNGUARDED_AVAILABILITY = YES_AGGRESSIVE;
				CLANG_WARN_UNREACHABLE_CODE = YES;
				CLANG_WARN__DUPLICATE_METHOD_MATCH = YES;
				COPY_PHASE_STRIP = NO;
				DEBUG_INFORMATION_FORMAT = dwarf;
				ENABLE_STRICT_OBJC_MSGSEND = YES;
				ENABLE_TESTABILITY = YES;
				ENABLE_USER_SCRIPT_SANDBOXING = YES;
				GCC_C_LANGUAGE_STANDARD = gnu17;
				GCC_DYNAMIC_NO_PIC = NO;
				GCC_NO_COMMON_BLOCKS = YES;
				GCC_OPTIMIZATION_LEVEL = 0;
				GCC_PREPROCESSOR_DEFINITIONS = (
					"DEBUG=1",
					"$(inherited)",
				);
				GCC_WARN_64_TO_32_BIT_CONVERSION = YES;
				GCC_WARN_ABOUT_RETURN_TYPE = YES_ERROR;
				GCC_WARN_UNDECLARED_SELECTOR = YES;
				GCC_WARN_UNINITIALIZED_AUTOS = YES_AGGRESSIVE;
				GCC_WARN_UNUSED_FUNCTION = YES;
				GCC_WARN_UNUSED_VARIABLE = YES;
				IPHONEOS_DEPLOYMENT_TARGET = 17.0;
				LOCALIZATION_PREFERS_STRING_CATALOGS = YES;
				MTL_ENABLE_DEBUG_INFO = INCLUDE_SOURCE;
				MTL_FAST_MATH = YES;
				ONLY_ACTIVE_ARCH = YES;
				SDKROOT = iphoneos;
				SWIFT_ACTIVE_COMPILATION_CONDITIONS = "DEBUG $(inherited)";
				SWIFT_OPTIMIZATION_LEVEL = "-Onone";
			};
			name = Debug;
		};
		8A0000000000000000000002 /* Release */ = {
			isa = XCBuildConfiguration;
			buildSettings = {
				ALWAYS_SEARCH_USER_PATHS = NO;
				ASSETCATALOG_COMPILER_GENERATE_SWIFT_ASSET_SYMBOL_EXTENSIONS = YES;
				CLANG_ANALYZER_NONNULL = YES;
				CLANG_ANALYZER_NUMBER_OBJECT_CONVERSION = YES_AGGRESSIVE;
				CLANG_CXX_LANGUAGE_STANDARD = "gnu++20";
				CLANG_ENABLE_MODULES = YES;
				CLANG_ENABLE_OBJC_ARC = YES;
				CLANG_ENABLE_OBJC_WEAK = YES;
				CLANG_WARN_BLOCK_CAPTURE_AUTORELEASING = YES;
				CLANG_WARN_BOOL_CONVERSION = YES;
				CLANG_WARN_COMMA = YES;
				CLANG_WARN_CONSTANT_CONVERSION = YES;
				CLANG_WARN_DEPRECATED_OBJC_IMPLEMENTATIONS = YES;
				CLANG_WARN_DIRECT_OBJC_ISA_USAGE = YES_ERROR;
				CLANG_WARN_DOCUMENTATION_COMMENTS = YES;
				CLANG_WARN_EMPTY_BODY = YES;
				CLANG_WARN_ENUM_CONVERSION = YES;
				CLANG_WARN_INFINITE_RECURSION = YES;
				CLANG_WARN_INT_CONVERSION = YES;
				CLANG_WARN_NON_LITERAL_NULL_CONVERSION = YES;
				CLANG_WARN_OBJC_IMPLICIT_RETAIN_SELF = YES;
				CLANG_WARN_OBJC_LITERAL_CONVERSION = YES;
				CLANG_WARN_OBJC_ROOT_CLASS = YES_ERROR;
				CLANG_WARN_QUOTED_INCLUDE_IN_FRAMEWORK_HEADER = YES;
				CLANG_WARN_RANGE_LOOP_ANALYSIS = YES;
				CLANG_WARN_STRICT_PROTOTYPES = YES;
				CLANG_WARN_SUSPICIOUS_MOVE = YES;
				CLANG_WARN_UNGUARDED_AVAILABILITY = YES_AGGRESSIVE;
				CLANG_WARN_UNREACHABLE_CODE = YES;
				CLANG_WARN__DUPLICATE_METHOD_MATCH = YES;
				COPY_PHASE_STRIP = NO;
				DEBUG_INFORMATION_FORMAT = "dwarf-with-dsym";
				ENABLE_NS_ASSERTIONS = NO;
				ENABLE_STRICT_OBJC_MSGSEND = YES;
				ENABLE_USER_SCRIPT_SANDBOXING = YES;
				GCC_C_LANGUAGE_STANDARD = gnu17;
				GCC_NO_COMMON_BLOCKS = YES;
				GCC_WARN_64_TO_32_BIT_CONVERSION = YES;
				GCC_WARN_ABOUT_RETURN_TYPE = YES_ERROR;
				GCC_WARN_UNDECLARED_SELECTOR = YES;
				GCC_WARN_UNINITIALIZED_AUTOS = YES_AGGRESSIVE;
				GCC_WARN_UNUSED_FUNCTION = YES;
				GCC_WARN_UNUSED_VARIABLE = YES;
				IPHONEOS_DEPLOYMENT_TARGET = 17.0;
				LOCALIZATION_PREFERS_STRING_CATALOGS = YES;
				MTL_ENABLE_DEBUG_INFO = NO;
				MTL_FAST_MATH = YES;
				SDKROOT = iphoneos;
				SWIFT_COMPILATION_MODE = wholemodule;
				VALIDATE_PRODUCT = YES;
			};
			name = Release;
		};
		8A0000000000000000000003 /* Debug */ = {
			isa = XCBuildConfiguration;
			buildSettings = {
				ASSETCATALOG_COMPILER_APPICON_NAME = AppIcon;
				ASSETCATALOG_COMPILER_GLOBAL_ACCENT_COLOR_NAME = AccentColor;
				CODE_SIGN_STYLE = Automatic;
				CURRENT_PROJECT_VERSION = 1;
				DEVELOPMENT_TEAM = G93SECR5P8;
				ENABLE_PREVIEWS = YES;
				GENERATE_INFOPLIST_FILE = YES;
				INFOPLIST_KEY_UIApplicationSceneManifest_Generation = YES;
				INFOPLIST_KEY_UIApplicationSupportsIndirectInputEvents = YES;
				INFOPLIST_KEY_UILaunchScreen_Generation = YES;
				INFOPLIST_KEY_UISupportedInterfaceOrientations_iPad = "UIInterfaceOrientationPortrait UIInterfaceOrientationPortraitUpsideDown UIInterfaceOrientationLandscapeLeft UIInterfaceOrientationLandscapeRight";
				INFOPLIST_KEY_UISupportedInterfaceOrientations_iPhone = "UIInterfaceOrientationPortrait UIInterfaceOrientationLandscapeLeft UIInterfaceOrientationLandscapeRight";
				LD_RUNPATH_SEARCH_PATHS = (
					"$(inherited)",
					"@executable_path/Frameworks",
				);
				MARKETING_VERSION = 1.0;
				PRODUCT_BUNDLE_IDENTIFIER = com.carebase.app;
				PRODUCT_NAME = "$(TARGET_NAME)";
				SWIFT_EMIT_LOC_STRINGS = YES;
				SWIFT_VERSION = 5.0;
				TARGETED_DEVICE_FAMILY = "1,2";
			};
			name = Debug;
		};
		8A0000000000000000000004 /* Release */ = {
			isa = XCBuildConfiguration;
			buildSettings = {
				ASSETCATALOG_COMPILER_APPICON_NAME = AppIcon;
				ASSETCATALOG_COMPILER_GLOBAL_ACCENT_COLOR_NAME = AccentColor;
				CODE_SIGN_STYLE = Automatic;
				CURRENT_PROJECT_VERSION = 1;
				DEVELOPMENT_TEAM = G93SECR5P8;
				ENABLE_PREVIEWS = YES;
				GENERATE_INFOPLIST_FILE = YES;
				INFOPLIST_KEY_UIApplicationSceneManifest_Generation = YES;
				INFOPLIST_KEY_UIApplicationSupportsIndirectInputEvents = YES;
				INFOPLIST_KEY_UILaunchScreen_Generation = YES;
				INFOPLIST_KEY_UISupportedInterfaceOrientations_iPad = "UIInterfaceOrientationPortrait UIInterfaceOrientationPortraitUpsideDown UIInterfaceOrientationLandscapeLeft UIInterfaceOrientationLandscapeRight";
				INFOPLIST_KEY_UISupportedInterfaceOrientations_iPhone = "UIInterfaceOrientationPortrait UIInterfaceOrientationLandscapeLeft UIInterfaceOrientationLandscapeRight";
				LD_RUNPATH_SEARCH_PATHS = (
					"$(inherited)",
					"@executable_path/Frameworks",
				);
				MARKETING_VERSION = 1.0;
				PRODUCT_BUNDLE_IDENTIFIER = com.carebase.app;
				PRODUCT_NAME = "$(TARGET_NAME)";
				SWIFT_EMIT_LOC_STRINGS = YES;
				SWIFT_VERSION = 5.0;
				TARGETED_DEVICE_FAMILY = "1,2";
			};
			name = Release;
		};
		8ATEST000000000000000001 /* Debug */ = {
			isa = XCBuildConfiguration;
			buildSettings = {
				BUNDLE_LOADER = "$(TEST_HOST)";
				CODE_SIGN_STYLE = Automatic;
				CURRENT_PROJECT_VERSION = 1;
				DEVELOPMENT_TEAM = "";
				GENERATE_INFOPLIST_FILE = YES;
				IPHONEOS_DEPLOYMENT_TARGET = 17.0;
				MARKETING_VERSION = 1.0;
				PRODUCT_BUNDLE_IDENTIFIER = com.carebase.app.tests;
				PRODUCT_NAME = "$(TARGET_NAME)";
				SWIFT_EMIT_LOC_STRINGS = NO;
				SWIFT_VERSION = 5.0;
				TARGETED_DEVICE_FAMILY = "1,2";
				TEST_HOST = "$(BUILT_PRODUCTS_DIR)/CarebaseApp.app/$(BUNDLE_EXECUTABLE_FOLDER_PATH)/CarebaseApp";
			};
			name = Debug;
		};
		8ATEST000000000000000002 /* Release */ = {
			isa = XCBuildConfiguration;
			buildSettings = {
				BUNDLE_LOADER = "$(TEST_HOST)";
				CODE_SIGN_STYLE = Automatic;
				CURRENT_PROJECT_VERSION = 1;
				DEVELOPMENT_TEAM = "";
				GENERATE_INFOPLIST_FILE = YES;
				IPHONEOS_DEPLOYMENT_TARGET = 17.0;
				MARKETING_VERSION = 1.0;
				PRODUCT_BUNDLE_IDENTIFIER = com.carebase.app.tests;
				PRODUCT_NAME = "$(TARGET_NAME)";
				SWIFT_EMIT_LOC_STRINGS = NO;
				SWIFT_VERSION = 5.0;
				TARGETED_DEVICE_FAMILY = "1,2";
				TEST_HOST = "$(BUILT_PRODUCTS_DIR)/CarebaseApp.app/$(BUNDLE_EXECUTABLE_FOLDER_PATH)/CarebaseApp";
			};
			name = Release;
		};
/* End XCBuildConfiguration section */

/* Begin XCConfigurationList section */
		6A0000000000000000000001 /* Build configuration list for PBXNativeTarget "CarebaseApp" */ = {
			isa = XCConfigurationList;
			buildConfigurations = (
				8A0000000000000000000003 /* Debug */,
				8A0000000000000000000004 /* Release */,
			);
			defaultConfigurationIsVisible = 0;
			defaultConfigurationName = Release;
		};
		6A0000000000000000000002 /* Build configuration list for PBXProject "CarebaseApp" */ = {
			isa = XCConfigurationList;
			buildConfigurations = (
				8A0000000000000000000001 /* Debug */,
				8A0000000000000000000002 /* Release */,
			);
			defaultConfigurationIsVisible = 0;
			defaultConfigurationName = Release;
		};
		6ATEST000000000000000001 /* Build configuration list for PBXNativeTarget "CarebaseAppTests" */ = {
			isa = XCConfigurationList;
			buildConfigurations = (
				8ATEST000000000000000001 /* Debug */,
				8ATEST000000000000000002 /* Release */,
			);
			defaultConfigurationIsVisible = 0;
			defaultConfigurationName = Release;
		};
/* End XCConfigurationList section */
	};
	rootObject = 7A0000000000000000000001 /* Project object */;
}
